{
  "name": "telegram-buy-alert-bot",
  "version": "1.0.0",
  "lockfileVersion": 3,
  "requires": true,
  "packages": {
    "": {
      "name": "telegram-buy-alert-bot",
      "version": "1.0.0",
      "license": "MIT",
      "dependencies": {
        "node-telegram-bot-api": "^0.64.0",
        "axios": "^1.6.0",
        "dotenv": "^16.3.1",
        "web3": "^4.3.0"
      },
      "devDependencies": {
        "nodemon": "^3.0.1"
      },
      "engines": {
        "node": ">=18.0.0",
        "npm": ">=9.0.0"
      }
    }
  }
}
